# This file is autogenerated, do not edit; changes may be undone by the next 'dep ensure'.


[[projects]]
  branch = "master"
  digest = "1:315c5f2f60c76d89b871c73f9bd5fe689cad96597afd50fb9992228ef80bdd34"
  name = "github.com/alecthomas/template"
  packages = [
    ".",
    "parse",
  ]
  pruneopts = "UT"
  revision = "a0175ee3bccc567396460bf5acd36800cb10c49c"

[[projects]]
  branch = "master"
  digest = "1:c198fdc381e898e8fb62b8eb62758195091c313ad18e52a3067366e1dda2fb3c"
  name = "github.com/alecthomas/units"
  packages = ["."]
  pruneopts = "UT"
  revision = "2efee857e7cfd4f3d0138cc3cbb1b4966962b93a"

[[projects]]
  digest = "1:d6afaeed1502aa28e80a4ed0981d570ad91b2579193404256ce672ed0a609e0d"
  name = "github.com/beorn7/perks"
  packages = ["quantile"]
  pruneopts = "UT"
  revision = "4b2b341e8d7715fae06375aa633dbb6e91b3fb46"
  version = "v1.0.0"

[[projects]]
  digest = "1:8dcc128b69453646b2621c7390782952ba7baeb63fc088e8145490474aac2ae8"
  name = "github.com/galexrt/pkg"
  packages = ["flagutil"]
  pruneopts = "UT"
  revision = "3ac0863d7acf3bc44daf49afef8919af12f704ef"
  version = "v3"

[[projects]]
  digest = "1:318f1c959a8a740366fce4b1e1eb2fd914036b4af58fbd0a003349b305f118ad"
  name = "github.com/golang/protobuf"
  packages = ["proto"]
  pruneopts = "UT"
  revision = "b5d812f8a3706043e23a9cd5babf2e5423744d30"
  version = "v1.3.1"

[[projects]]
  digest = "1:31e761d97c76151dde79e9d28964a812c46efc5baee4085b86f68f0c654450de"
  name = "github.com/konsorten/go-windows-terminal-sequences"
  packages = ["."]
  pruneopts = "UT"
  revision = "f55edac94c9bbba5d6182a4be46d86a2c9b5b50e"
  version = "v1.0.2"

[[projects]]
  digest = "1:ff5ebae34cfbf047d505ee150de27e60570e8c394b3b8fdbb720ff6ac71985fc"
  name = "github.com/matttproud/golang_protobuf_extensions"
  packages = ["pbutil"]
  pruneopts = "UT"
  revision = "c12348ce28de40eed0136aa2b644d0ee0650e56c"
  version = "v1.0.1"

[[projects]]
  digest = "1:0de31727c88e9f4a4ae70c28b6caa27f39b25788daf2dc4f7406013421228144"
  name = "github.com/prometheus/client_golang"
  packages = [
    "prometheus",
    "prometheus/internal",
    "prometheus/promhttp",
  ]
  pruneopts = "UT"
  revision = "50c4339db732beb2165735d2cde0bff78eb3c5a5"
  version = "v0.9.3"

[[projects]]
  branch = "master"
  digest = "1:2d5cd61daa5565187e1d96bae64dbbc6080dacf741448e9629c64fd93203b0d4"
  name = "github.com/prometheus/client_model"
  packages = ["go"]
  pruneopts = "UT"
  revision = "fd36f4220a901265f90734c3183c5f0c91daa0b8"

[[projects]]
  digest = "1:ab21487dba9163ed8ef65bec1794163ec8409dbbb5b8c09a21deae17b8cc4e96"
  name = "github.com/prometheus/common"
  packages = [
    "expfmt",
    "internal/bitbucket.org/ww/goautoneg",
    "log",
    "model",
    "version",
  ]
  pruneopts = "UT"
  revision = "17f5ca1748182ddf24fc33a5a7caaaf790a52fcc"
  version = "v0.4.1"

[[projects]]
  digest = "1:f8fac244ec2cb7daef48b0148dcf5a330ac7697fa83c2e1e78e65b21f7f43500"
  name = "github.com/prometheus/procfs"
  packages = [
    ".",
    "internal/fs",
  ]
  pruneopts = "UT"
  revision = "65bdadfa96aecebf4dcf888da995a29eab4fc964"
  version = "v0.0.1"

[[projects]]
  digest = "1:04457f9f6f3ffc5fea48e71d62f2ca256637dee0a04d710288e27e05c8b41976"
  name = "github.com/sirupsen/logrus"
  packages = ["."]
  pruneopts = "UT"
  revision = "839c75faf7f98a33d445d181f3018b5c3409a45e"
  version = "v1.4.2"

[[projects]]
  branch = "master"
  digest = "1:9d5c5fca34f65c09685c55a6a9dd0d71810d39fd3f69fda8f0722a8b5b9e95ed"
  name = "golang.org/x/sys"
  packages = [
    "unix",
    "windows",
    "windows/registry",
    "windows/svc/eventlog",
  ]
  pruneopts = "UT"
  revision = "4c4f7f33c9ed00de01c4c741d2177abfcfe19307"

[[projects]]
  digest = "1:c06d9e11d955af78ac3bbb26bd02e01d2f61f689e1a3bce2ef6fb683ef8a7f2d"
  name = "gopkg.in/alecthomas/kingpin.v2"
  packages = ["."]
  pruneopts = "UT"
  revision = "947dcec5ba9c011838740e680966fd7087a71d0d"
  version = "v2.2.6"

[solve-meta]
  analyzer-name = "dep"
  analyzer-version = 1
  input-imports = [
    "github.com/galexrt/pkg/flagutil",
    "github.com/prometheus/client_golang/prometheus",
    "github.com/prometheus/client_golang/prometheus/promhttp",
    "github.com/prometheus/common/log",
    "github.com/prometheus/common/version",
    "github.com/sirupsen/logrus",
  ]
  solver-name = "gps-cdcl"
  solver-version = 1
